
Microsoft Visual Studio Solution File, Format Version 12.00
# Visual Studio 15
VisualStudioVersion = 15.0.27703.2047
MinimumVisualStudioVersion = 10.0.40219.1
Project("{FAE04EC0-301F-11D3-BF4B-00C04F79EFBC}") = "Hush", "Hush\Hush.csproj", "{8DC50023-1F8F-48AA-8BE6-FD0903ADA595}"
EndProject
Project("{FAE04EC0-301F-11D3-BF4B-00C04F79EFBC}") = "HushUnitTests", "HushUnitTests\HushUnitTests.csproj", "{E038BD8F-3E58-4627-8BDA-C4666A663077}"
EndProject
Global
	GlobalSection(SolutionConfigurationPlatforms) = preSolution
		Debug|Any CPU = Debug|Any CPU
		Release|Any CPU = Release|Any CPU
	EndGlobalSection
	GlobalSection(ProjectConfigurationPlatforms) = postSolution
		{8DC50023-1F8F-48AA-8BE6-FD0903ADA595}.Debug|Any CPU.ActiveCfg = Debug|Any CPU
		{8DC50023-1F8F-48AA-8BE6-FD0903ADA595}.Debug|Any CPU.Build.0 = Debug|Any CPU
		{8DC50023-1F8F-48AA-8BE6-FD0903ADA595}.Release|Any CPU.ActiveCfg = Release|Any CPU
		{8DC50023-1F8F-48AA-8BE6-FD0903ADA595}.Release|Any CPU.Build.0 = Release|Any CPU
		{E038BD8F-3E58-4627-8BDA-C4666A663077}.Debug|Any CPU.ActiveCfg = Debug|Any CPU
		{E038BD8F-3E58-4627-8BDA-C4666A663077}.Debug|Any CPU.Build.0 = Debug|Any CPU
		{E038BD8F-3E58-4627-8BDA-C4666A663077}.Release|Any CPU.ActiveCfg = Release|Any CPU
		{E038BD8F-3E58-4627-8BDA-C4666A663077}.Release|Any CPU.Build.0 = Release|Any CPU
	EndGlobalSection
	GlobalSection(SolutionProperties) = preSolution
		HideSolutionNode = FALSE
	EndGlobalSection
	GlobalSection(ExtensibilityGlobals) = postSolution
		SolutionGuid = {18720E00-EF9B-4E10-BFBF-F4C2E34F786D}
	EndGlobalSection
EndGlobal
